<?xml version="1.0" encoding="utf-8"?>
<Project ToolsVersion="4.0" xmlns="http://schemas.microsoft.com/developer/msbuild/2003">
  <ItemGroup>
    <Filter Include="Source Files">
      <UniqueIdentifier>{4FC737F1-C7A5-4376-A066-2A32D752A2FF}</UniqueIdentifier>
      <Extensions>cpp;c;cc;cxx;def;odl;idl;hpj;bat;asm;asmx</Extensions>
    </Filter>
    <Filter Include="Header Files">
      <UniqueIdentifier>{93995380-89BD-4b04-88EB-625FBE52EBFB}</UniqueIdentifier>
      <Extensions>h;hpp;hxx;hm;inl;inc;xsd</Extensions>
    </Filter>
    <Filter Include="Resource Files">
      <UniqueIdentifier>{67DA6AB6-F800-4c08-8B7A-83BB121AAD01}</UniqueIdentifier>
      <Extensions>rc;ico;cur;bmp;dlg;rc2;rct;bin;rgs;gif;jpg;jpeg;jpe;resx;tiff;tif;png;wav;mfcribbon-ms</Extensions>
    </Filter>
  </ItemGroup>
  <ItemGroup>
    <ClCompile Include="..\..\src\main.cc">
      <Filter>Source Files</Filter>
    </ClCompile>
    <ClCompile Include="..\..\src\shader.cc">
      <Filter>Source Files</Filter>
    </ClCompile>
    <ClCompile Include="..\..\src\shaderProgram.cc">
      <Filter>Source Files</Filter>
    </ClCompile>
    <ClCompile Include="..\..\src\node.cc">
      <Filter>Source Files</Filter>
    </ClCompile>
    <ClCompile Include="..\..\src\surface.cc">
      <Filter>Source Files</Filter>
    </ClCompile>
    <ClCompile Include="..\..\src\mesh.cc">
      <Filter>Source Files</Filter>
    </ClCompile>
    <ClCompile Include="..\..\src\camera.cc">
      <Filter>Source Files</Filter>
    </ClCompile>
    <ClCompile Include="..\..\src\entity.cc">
      <Filter>Source Files</Filter>
    </ClCompile>
    <ClCompile Include="..\..\src\meshManager.cc">
      <Filter>Source Files</Filter>
    </ClCompile>
    <ClCompile Include="..\..\src\shaderProgramManager.cc">
      <Filter>Source Files</Filter>
    </ClCompile>
    <ClCompile Include="..\..\src\helpers.cc">
      <Filter>Source Files</Filter>
    </ClCompile>
    <ClCompile Include="..\..\src\texture.cc">
      <Filter>Source Files</Filter>
    </ClCompile>
    <ClCompile Include="..\..\src\textureManager.cc">
      <Filter>Source Files</Filter>
    </ClCompile>
    <ClCompile Include="..\..\src\character.cc">
      <Filter>Source Files</Filter>
    </ClCompile>
  </ItemGroup>
  <ItemGroup>
    <None Include="..\..\data\shaders\test.vshader">
      <Filter>Resource Files</Filter>
    </None>
    <None Include="..\..\data\shaders\test.fshader">
      <Filter>Resource Files</Filter>
    </None>
    <None Include="..\..\src\main.hh">
      <Filter>Header Files</Filter>
    </None>
    <None Include="..\..\src\shader.hh">
      <Filter>Header Files</Filter>
    </None>
    <None Include="..\..\src\camera.hh">
      <Filter>Header Files</Filter>
    </None>
    <None Include="..\..\src\templateManager.hh">
      <Filter>Header Files</Filter>
    </None>
    <None Include="..\..\src\meshManager.hh">
      <Filter>Header Files</Filter>
    </None>
    <None Include="..\..\src\shaderProgramManager.hh">
      <Filter>Header Files</Filter>
    </None>
    <None Include="..\..\src\shaderProgram.hh">
      <Filter>Header Files</Filter>
    </None>
    <None Include="..\..\src\managers.hh">
      <Filter>Header Files</Filter>
    </None>
    <None Include="..\..\src\helpers.hh">
      <Filter>Header Files</Filter>
    </None>
    <None Include="..\..\src\texture.hh">
      <Filter>Header Files</Filter>
    </None>
    <None Include="..\..\src\textureManager.hh">
      <Filter>Header Files</Filter>
    </None>
    <None Include="..\..\src\entity.hh">
      <Filter>Header Files</Filter>
    </None>
    <None Include="..\..\src\character.hh">
      <Filter>Header Files</Filter>
    </None>
  </ItemGroup>
  <ItemGroup>
    <ClInclude Include="..\..\src\node.hh">
      <Filter>Header Files</Filter>
    </ClInclude>
    <ClInclude Include="..\..\src\surface.hh">
      <Filter>Header Files</Filter>
    </ClInclude>
    <ClInclude Include="..\..\src\mesh.hh">
      <Filter>Header Files</Filter>
    </ClInclude>
  </ItemGroup>
</Project>